{
  "name": "custom-layer-example",
  "version": "1.0.0",
  "lockfileVersion": 1,
  "requires": true,
  "dependencies": {
    "@types/chai": {
      "version": "4.1.2",
      "resolved": "https://registry.npmjs.org/@types/chai/-/chai-4.1.2.tgz",
      "integrity": "sha512-D8uQwKYUw2KESkorZ27ykzXgvkDJYXVEihGklgfp5I4HUP8D6IxtcdLTMB1emjQiWzV7WZ5ihm1cxIzVwjoleQ=="
    },
    "@types/webgl2": {
      "version": "0.0.2",
      "resolved": "https://registry.npmjs.org/@types/webgl2/-/webgl2-0.0.2.tgz",
      "integrity": "sha512-Pazi0yyPGUHAKT470xLGQFCzFEU6PsGTFzOVA9FPeE1jEnDih7eI87Zer56Vh7Rw+4Y3V6iT9AFdAsmkBm3BrQ=="
    },
    "dojo-typings": {
      "version": "1.11.9",
      "resolved": "https://registry.npmjs.org/dojo-typings/-/dojo-typings-1.11.9.tgz",
      "integrity": "sha512-mh8w+Mau2Y1QfTEszEAdO7j6ycNhYxF/Ing6nAk1eUg6NxjeT0viVHjICMd9sU3U463vM2G+KfBBK5grk3/Mlw==",
      "requires": {
        "@types/chai": "4.1.2"
      }
    },
    "maquette-query": {
      "version": "0.11.7",
      "resolved": "https://registry.npmjs.org/maquette-query/-/maquette-query-0.11.7.tgz",
      "integrity": "sha512-ubp9Q01wIMSKGZxD1g/ueOwogU2Vc3gHeF7dSIJdGwbmOlB0cetAXUJP4hnMJH85tCx2BLlhe6lKXP4+ZBVGKw=="
    }
  }
}
